
Microsoft Visual Studio Solution File, Format Version 12.00
# Visual Studio Version 17
VisualStudioVersion = 17.4.33213.308
MinimumVisualStudioVersion = 10.0.40219.1
Project("{FAE04EC0-301F-11D3-BF4B-00C04F79EFBC}") = "BookLibrary", "BookLibrary\BookLibrary.csproj", "{59A61981-B40E-4EBC-9E50-C01C8161A210}"
EndProject
Global
	GlobalSection(SolutionConfigurationPlatforms) = preSolution
		Debug|Any CPU = Debug|Any CPU
		Release|Any CPU = Release|Any CPU
	EndGlobalSection
	GlobalSection(ProjectConfigurationPlatforms) = postSolution
		{59A61981-B40E-4EBC-9E50-C01C8161A210}.Debug|Any CPU.ActiveCfg = Debug|Any CPU
		{59A61981-B40E-4EBC-9E50-C01C8161A210}.Debug|Any CPU.Build.0 = Debug|Any CPU
		{59A61981-B40E-4EBC-9E50-C01C8161A210}.Release|Any CPU.ActiveCfg = Release|Any CPU
		{59A61981-B40E-4EBC-9E50-C01C8161A210}.Release|Any CPU.Build.0 = Release|Any CPU
	EndGlobalSection
	GlobalSection(SolutionProperties) = preSolution
		HideSolutionNode = FALSE
	EndGlobalSection
	GlobalSection(ExtensibilityGlobals) = postSolution
		SolutionGuid = {B1C3A79B-EF78-445C-A691-C5BF86F5B6EE}
	EndGlobalSection
EndGlobal
